
Microsoft Visual Studio Solution File, Format Version 12.00
Project("{FAE04EC0-301F-11D3-BF4B-00C04F79EFBC}") = "BaseLibrary", "BaseLibrary\BaseLibrary.csproj", "{B0EDE0B3-D3BC-49F5-B000-F5D2BD92DA92}"
EndProject
Project("{FAE04EC0-301F-11D3-BF4B-00C04F79EFBC}") = "Server", "Server\Server.csproj", "{777B10A5-0EFA-48FE-AE25-9DD70268D3DD}"
EndProject
Project("{FAE04EC0-301F-11D3-BF4B-00C04F79EFBC}") = "ClientLibrary", "ClientLibrary\ClientLibrary.csproj", "{FE4D4E56-F6A2-4ED3-B9C7-DAC6AD7EC9B5}"
EndProject
Project("{FAE04EC0-301F-11D3-BF4B-00C04F79EFBC}") = "ServerLibrary", "ServerLibrary\ServerLibrary.csproj", "{7B3E713A-6166-4300-A12F-80B70FFDD4F4}"
EndProject
Project("{FAE04EC0-301F-11D3-BF4B-00C04F79EFBC}") = "Client", "Client\Client.csproj", "{7684B3DB-7EEC-4CEC-A0CE-20300F7DF54D}"
EndProject
Global
	GlobalSection(SolutionConfigurationPlatforms) = preSolution
		Debug|Any CPU = Debug|Any CPU
		Release|Any CPU = Release|Any CPU
	EndGlobalSection
	GlobalSection(ProjectConfigurationPlatforms) = postSolution
		{B0EDE0B3-D3BC-49F5-B000-F5D2BD92DA92}.Debug|Any CPU.ActiveCfg = Debug|Any CPU
		{B0EDE0B3-D3BC-49F5-B000-F5D2BD92DA92}.Debug|Any CPU.Build.0 = Debug|Any CPU
		{B0EDE0B3-D3BC-49F5-B000-F5D2BD92DA92}.Release|Any CPU.ActiveCfg = Release|Any CPU
		{B0EDE0B3-D3BC-49F5-B000-F5D2BD92DA92}.Release|Any CPU.Build.0 = Release|Any CPU
		{777B10A5-0EFA-48FE-AE25-9DD70268D3DD}.Debug|Any CPU.ActiveCfg = Debug|Any CPU
		{777B10A5-0EFA-48FE-AE25-9DD70268D3DD}.Debug|Any CPU.Build.0 = Debug|Any CPU
		{777B10A5-0EFA-48FE-AE25-9DD70268D3DD}.Release|Any CPU.ActiveCfg = Release|Any CPU
		{777B10A5-0EFA-48FE-AE25-9DD70268D3DD}.Release|Any CPU.Build.0 = Release|Any CPU
		{FE4D4E56-F6A2-4ED3-B9C7-DAC6AD7EC9B5}.Debug|Any CPU.ActiveCfg = Debug|Any CPU
		{FE4D4E56-F6A2-4ED3-B9C7-DAC6AD7EC9B5}.Debug|Any CPU.Build.0 = Debug|Any CPU
		{FE4D4E56-F6A2-4ED3-B9C7-DAC6AD7EC9B5}.Release|Any CPU.ActiveCfg = Release|Any CPU
		{FE4D4E56-F6A2-4ED3-B9C7-DAC6AD7EC9B5}.Release|Any CPU.Build.0 = Release|Any CPU
		{7B3E713A-6166-4300-A12F-80B70FFDD4F4}.Debug|Any CPU.ActiveCfg = Debug|Any CPU
		{7B3E713A-6166-4300-A12F-80B70FFDD4F4}.Debug|Any CPU.Build.0 = Debug|Any CPU
		{7B3E713A-6166-4300-A12F-80B70FFDD4F4}.Release|Any CPU.ActiveCfg = Release|Any CPU
		{7B3E713A-6166-4300-A12F-80B70FFDD4F4}.Release|Any CPU.Build.0 = Release|Any CPU
		{7684B3DB-7EEC-4CEC-A0CE-20300F7DF54D}.Debug|Any CPU.ActiveCfg = Debug|Any CPU
		{7684B3DB-7EEC-4CEC-A0CE-20300F7DF54D}.Debug|Any CPU.Build.0 = Debug|Any CPU
		{7684B3DB-7EEC-4CEC-A0CE-20300F7DF54D}.Release|Any CPU.ActiveCfg = Release|Any CPU
		{7684B3DB-7EEC-4CEC-A0CE-20300F7DF54D}.Release|Any CPU.Build.0 = Release|Any CPU
	EndGlobalSection
EndGlobal
